// !$*UTF8*$!
{
	archiveVersion = 1;
	classes = {
	};
	objectVersion = 46;
	objects = {

/* Begin PBXBuildFile section */
		97012BE91E2F07A500CB933F /* main.m in Sources */ = {isa = PBXBuildFile; fileRef = 97012BE81E2F07A500CB933F /* main.m */; };
		97012BF41E2F07A500CB933F /* Assets.xcassets in Resources */ = {isa = PBXBuildFile; fileRef = 97012BF31E2F07A500CB933F /* Assets.xcassets */; };
		97012BF71E2F07A500CB933F /* LaunchScreen.storyboard in Resources */ = {isa = PBXBuildFile; fileRef = 97012BF51E2F07A500CB933F /* LaunchScreen.storyboard */; };
		97012C011E2F085E00CB933F /* HWPopverController.m in Sources */ = {isa = PBXBuildFile; fileRef = 97012C001E2F085E00CB933F /* HWPopverController.m */; };
		97012C041E2F0B3900CB933F /* HWPresentationController.m in Sources */ = {isa = PBXBuildFile; fileRef = 97012C031E2F0B3900CB933F /* HWPresentationController.m */; };
		97FC085E1E31B41D006D72D7 /* AppDelegate.m in Sources */ = {isa = PBXBuildFile; fileRef = 97FC085D1E31B41D006D72D7 /* AppDelegate.m */; };
		97FC086D1E31B4B0006D72D7 /* HWTestVC.m in Sources */ = {isa = PBXBuildFile; fileRef = 97FC08691E31B4B0006D72D7 /* HWTestVC.m */; };
		97FC086E1E31B4B0006D72D7 /* Main.storyboard in Resources */ = {isa = PBXBuildFile; fileRef = 97FC086A1E31B4B0006D72D7 /* Main.storyboard */; };
		97FC086F1E31B4B0006D72D7 /* ViewController.m in Sources */ = {isa = PBXBuildFile; fileRef = 97FC086C1E31B4B0006D72D7 /* ViewController.m */; };
		97FC08731E31B4C9006D72D7 /* HWTableViewCell.m in Sources */ = {isa = PBXBuildFile; fileRef = 97FC08711E31B4C9006D72D7 /* HWTableViewCell.m */; };
		97FC08741E31B4C9006D72D7 /* HWTableViewCell.xib in Resources */ = {isa = PBXBuildFile; fileRef = 97FC08721E31B4C9006D72D7 /* HWTableViewCell.xib */; };
		97FC087D1E31F4E2006D72D7 /* HWPopverController.gif in Resources */ = {isa = PBXBuildFile; fileRef = 97FC087C1E31F4E2006D72D7 /* HWPopverController.gif */; };
/* End PBXBuildFile section */

/* Begin PBXFileReference section */
		97012BE41E2F07A500CB933F /* 自定义下拉菜单.app */ = {isa = PBXFileReference; explicitFileType = wrapper.application; includeInIndex = 0; path = "自定义下拉菜单.app"; sourceTree = BUILT_PRODUCTS_DIR; };
		97012BE81E2F07A500CB933F /* main.m */ = {isa = PBXFileReference; lastKnownFileType = sourcecode.c.objc; path = main.m; sourceTree = "<group>"; };
		97012BF31E2F07A500CB933F /* Assets.xcassets */ = {isa = PBXFileReference; lastKnownFileType = folder.assetcatalog; path = Assets.xcassets; sourceTree = "<group>"; };
		97012BF61E2F07A500CB933F /* Base */ = {isa = PBXFileReference; lastKnownFileType = file.storyboard; name = Base; path = Base.lproj/LaunchScreen.storyboard; sourceTree = "<group>"; };
		97012BF81E2F07A500CB933F /* Info.plist */ = {isa = PBXFileReference; lastKnownFileType = text.plist.xml; path = Info.plist; sourceTree = "<group>"; };
		97012BFF1E2F085E00CB933F /* HWPopverController.h */ = {isa = PBXFileReference; fileEncoding = 4; lastKnownFileType = sourcecode.c.h; path = HWPopverController.h; sourceTree = "<group>"; };
		97012C001E2F085E00CB933F /* HWPopverController.m */ = {isa = PBXFileReference; fileEncoding = 4; lastKnownFileType = sourcecode.c.objc; path = HWPopverController.m; sourceTree = "<group>"; };
		97012C021E2F0B3900CB933F /* HWPresentationController.h */ = {isa = PBXFileReference; fileEncoding = 4; lastKnownFileType = sourcecode.c.h; path = HWPresentationController.h; sourceTree = "<group>"; };
		97012C031E2F0B3900CB933F /* HWPresentationController.m */ = {isa = PBXFileReference; fileEncoding = 4; lastKnownFileType = sourcecode.c.objc; path = HWPresentationController.m; sourceTree = "<group>"; };
		97FC085C1E31B41D006D72D7 /* AppDelegate.h */ = {isa = PBXFileReference; fileEncoding = 4; lastKnownFileType = sourcecode.c.h; path = AppDelegate.h; sourceTree = "<group>"; };
		97FC085D1E31B41D006D72D7 /* AppDelegate.m */ = {isa = PBXFileReference; fileEncoding = 4; lastKnownFileType = sourcecode.c.objc; path = AppDelegate.m; sourceTree = "<group>"; };
		97FC08681E31B4B0006D72D7 /* HWTestVC.h */ = {isa = PBXFileReference; fileEncoding = 4; lastKnownFileType = sourcecode.c.h; path = HWTestVC.h; sourceTree = "<group>"; };
		97FC08691E31B4B0006D72D7 /* HWTestVC.m */ = {isa = PBXFileReference; fileEncoding = 4; lastKnownFileType = sourcecode.c.objc; path = HWTestVC.m; sourceTree = "<group>"; };
		97FC086A1E31B4B0006D72D7 /* Main.storyboard */ = {isa = PBXFileReference; fileEncoding = 4; lastKnownFileType = file.storyboard; path = Main.storyboard; sourceTree = "<group>"; };
		97FC086B1E31B4B0006D72D7 /* ViewController.h */ = {isa = PBXFileReference; fileEncoding = 4; lastKnownFileType = sourcecode.c.h; path = ViewController.h; sourceTree = "<group>"; };
		97FC086C1E31B4B0006D72D7 /* ViewController.m */ = {isa = PBXFileReference; fileEncoding = 4; lastKnownFileType = sourcecode.c.objc; path = ViewController.m; sourceTree = "<group>"; };
		97FC08701E31B4C9006D72D7 /* HWTableViewCell.h */ = {isa = PBXFileReference; fileEncoding = 4; lastKnownFileType = sourcecode.c.h; path = HWTableViewCell.h; sourceTree = "<group>"; };
		97FC08711E31B4C9006D72D7 /* HWTableViewCell.m */ = {isa = PBXFileReference; fileEncoding = 4; lastKnownFileType = sourcecode.c.objc; path = HWTableViewCell.m; sourceTree = "<group>"; };
		97FC08721E31B4C9006D72D7 /* HWTableViewCell.xib */ = {isa = PBXFileReference; fileEncoding = 4; lastKnownFileType = file.xib; path = HWTableViewCell.xib; sourceTree = "<group>"; };
		97FC087C1E31F4E2006D72D7 /* HWPopverController.gif */ = {isa = PBXFileReference; lastKnownFileType = image.gif; path = HWPopverController.gif; sourceTree = "<group>"; };
/* End PBXFileReference section */

/* Begin PBXFrameworksBuildPhase section */
		97012BE11E2F07A500CB933F /* Frameworks */ = {
			isa = PBXFrameworksBuildPhase;
			buildActionMask = 2147483647;
			files = (
			);
			runOnlyForDeploymentPostprocessing = 0;
		};
/* End PBXFrameworksBuildPhase section */

/* Begin PBXGroup section */
		97012BDB1E2F07A500CB933F = {
			isa = PBXGroup;
			children = (
				97012BFE1E2F07D700CB933F /* HWPopverController */,
				97012BE61E2F07A500CB933F /* 自定义下拉菜单 */,
				97012BE51E2F07A500CB933F /* Products */,
			);
			sourceTree = "<group>";
		};
		97012BE51E2F07A500CB933F /* Products */ = {
			isa = PBXGroup;
			children = (
				97012BE41E2F07A500CB933F /* 自定义下拉菜单.app */,
			);
			name = Products;
			sourceTree = "<group>";
		};
		97012BE61E2F07A500CB933F /* 自定义下拉菜单 */ = {
			isa = PBXGroup;
			children = (
				97FC085B1E31B3ED006D72D7 /* Others */,
				97FC08571E31B3ED006D72D7 /* Class */,
				97012BE71E2F07A500CB933F /* Supporting Files */,
			);
			path = "自定义下拉菜单";
			sourceTree = "<group>";
		};
		97012BE71E2F07A500CB933F /* Supporting Files */ = {
			isa = PBXGroup;
			children = (
				97012BF31E2F07A500CB933F /* Assets.xcassets */,
				97012BF51E2F07A500CB933F /* LaunchScreen.storyboard */,
				97012BF81E2F07A500CB933F /* Info.plist */,
				97012BE81E2F07A500CB933F /* main.m */,
				97FC087C1E31F4E2006D72D7 /* HWPopverController.gif */,
			);
			name = "Supporting Files";
			sourceTree = "<group>";
		};
		97012BFE1E2F07D700CB933F /* HWPopverController */ = {
			isa = PBXGroup;
			children = (
				97012BFF1E2F085E00CB933F /* HWPopverController.h */,
				97012C001E2F085E00CB933F /* HWPopverController.m */,
				97012C021E2F0B3900CB933F /* HWPresentationController.h */,
				97012C031E2F0B3900CB933F /* HWPresentationController.m */,
			);
			path = HWPopverController;
			sourceTree = "<group>";
		};
		97FC08571E31B3ED006D72D7 /* Class */ = {
			isa = PBXGroup;
			children = (
				97FC08671E31B4B0006D72D7 /* Controller */,
				97FC08591E31B3ED006D72D7 /* Model */,
				97FC085A1E31B3ED006D72D7 /* View */,
			);
			path = Class;
			sourceTree = "<group>";
		};
		97FC08591E31B3ED006D72D7 /* Model */ = {
			isa = PBXGroup;
			children = (
			);
			path = Model;
			sourceTree = "<group>";
		};
		97FC085A1E31B3ED006D72D7 /* View */ = {
			isa = PBXGroup;
			children = (
				97FC08701E31B4C9006D72D7 /* HWTableViewCell.h */,
				97FC08711E31B4C9006D72D7 /* HWTableViewCell.m */,
				97FC08721E31B4C9006D72D7 /* HWTableViewCell.xib */,
			);
			path = View;
			sourceTree = "<group>";
		};
		97FC085B1E31B3ED006D72D7 /* Others */ = {
			isa = PBXGroup;
			children = (
				97FC085C1E31B41D006D72D7 /* AppDelegate.h */,
				97FC085D1E31B41D006D72D7 /* AppDelegate.m */,
			);
			path = Others;
			sourceTree = "<group>";
		};
		97FC08671E31B4B0006D72D7 /* Controller */ = {
			isa = PBXGroup;
			children = (
				97FC08681E31B4B0006D72D7 /* HWTestVC.h */,
				97FC08691E31B4B0006D72D7 /* HWTestVC.m */,
				97FC086A1E31B4B0006D72D7 /* Main.storyboard */,
				97FC086B1E31B4B0006D72D7 /* ViewController.h */,
				97FC086C1E31B4B0006D72D7 /* ViewController.m */,
			);
			path = Controller;
			sourceTree = "<group>";
		};
/* End PBXGroup section */

/* Begin PBXNativeTarget section */
		97012BE31E2F07A500CB933F /* 自定义下拉菜单 */ = {
			isa = PBXNativeTarget;
			buildConfigurationList = 97012BFB1E2F07A500CB933F /* Build configuration list for PBXNativeTarget "自定义下拉菜单" */;
			buildPhases = (
				97012BE01E2F07A500CB933F /* Sources */,
				97012BE11E2F07A500CB933F /* Frameworks */,
				97012BE21E2F07A500CB933F /* Resources */,
			);
			buildRules = (
			);
			dependencies = (
			);
			name = "自定义下拉菜单";
			productName = "自定义下拉菜单";
			productReference = 97012BE41E2F07A500CB933F /* 自定义下拉菜单.app */;
			productType = "com.apple.product-type.application";
		};
/* End PBXNativeTarget section */

/* Begin PBXProject section */
		97012BDC1E2F07A500CB933F /* Project object */ = {
			isa = PBXProject;
			attributes = {
				LastUpgradeCheck = 0820;
				ORGANIZATIONNAME = "曹航玮";
				TargetAttributes = {
					97012BE31E2F07A500CB933F = {
						CreatedOnToolsVersion = 8.2;
						ProvisioningStyle = Automatic;
					};
				};
			};
			buildConfigurationList = 97012BDF1E2F07A500CB933F /* Build configuration list for PBXProject "自定义下拉菜单" */;
			compatibilityVersion = "Xcode 3.2";
			developmentRegion = English;
			hasScannedForEncodings = 0;
			knownRegions = (
				en,
				Base,
			);
			mainGroup = 97012BDB1E2F07A500CB933F;
			productRefGroup = 97012BE51E2F07A500CB933F /* Products */;
			projectDirPath = "";
			projectRoot = "";
			targets = (
				97012BE31E2F07A500CB933F /* 自定义下拉菜单 */,
			);
		};
/* End PBXProject section */

/* Begin PBXResourcesBuildPhase section */
		97012BE21E2F07A500CB933F /* Resources */ = {
			isa = PBXResourcesBuildPhase;
			buildActionMask = 2147483647;
			files = (
				97FC086E1E31B4B0006D72D7 /* Main.storyboard in Resources */,
				97012BF71E2F07A500CB933F /* LaunchScreen.storyboard in Resources */,
				97FC08741E31B4C9006D72D7 /* HWTableViewCell.xib in Resources */,
				97012BF41E2F07A500CB933F /* Assets.xcassets in Resources */,
				97FC087D1E31F4E2006D72D7 /* HWPopverController.gif in Resources */,
			);
			runOnlyForDeploymentPostprocessing = 0;
		};
/* End PBXResourcesBuildPhase section */

/* Begin PBXSourcesBuildPhase section */
		97012BE01E2F07A500CB933F /* Sources */ = {
			isa = PBXSourcesBuildPhase;
			buildActionMask = 2147483647;
			files = (
				97FC086F1E31B4B0006D72D7 /* ViewController.m in Sources */,
				97012C041E2F0B3900CB933F /* HWPresentationController.m in Sources */,
				97FC086D1E31B4B0006D72D7 /* HWTestVC.m in Sources */,
				97012C011E2F085E00CB933F /* HWPopverController.m in Sources */,
				97012BE91E2F07A500CB933F /* main.m in Sources */,
				97FC08731E31B4C9006D72D7 /* HWTableViewCell.m in Sources */,
				97FC085E1E31B41D006D72D7 /* AppDelegate.m in Sources */,
			);
			runOnlyForDeploymentPostprocessing = 0;
		};
/* End PBXSourcesBuildPhase section */

/* Begin PBXVariantGroup section */
		97012BF51E2F07A500CB933F /* LaunchScreen.storyboard */ = {
			isa = PBXVariantGroup;
			children = (
				97012BF61E2F07A500CB933F /* Base */,
			);
			name = LaunchScreen.storyboard;
			sourceTree = "<group>";
		};
/* End PBXVariantGroup section */

/* Begin XCBuildConfiguration section */
		97012BF91E2F07A500CB933F /* Debug */ = {
			isa = XCBuildConfiguration;
			buildSettings = {
				ALWAYS_SEARCH_USER_PATHS = NO;
				CLANG_ANALYZER_NONNULL = YES;
				CLANG_CXX_LANGUAGE_STANDARD = "gnu++0x";
				CLANG_CXX_LIBRARY = "libc++";
				CLANG_ENABLE_MODULES = YES;
				CLANG_ENABLE_OBJC_ARC = YES;
				CLANG_WARN_BOOL_CONVERSION = YES;
				CLANG_WARN_CONSTANT_CONVERSION = YES;
				CLANG_WARN_DIRECT_OBJC_ISA_USAGE = YES_ERROR;
				CLANG_WARN_DOCUMENTATION_COMMENTS = YES;
				CLANG_WARN_EMPTY_BODY = YES;
				CLANG_WARN_ENUM_CONVERSION = YES;
				CLANG_WARN_INFINITE_RECURSION = YES;
				CLANG_WARN_INT_CONVERSION = YES;
				CLANG_WARN_OBJC_ROOT_CLASS = YES_ERROR;
				CLANG_WARN_SUSPICIOUS_MOVE = YES;
				CLANG_WARN_UNREACHABLE_CODE = YES;
				CLANG_WARN__DUPLICATE_METHOD_MATCH = YES;
				"CODE_SIGN_IDENTITY[sdk=iphoneos*]" = "iPhone Developer";
				COPY_PHASE_STRIP = NO;
				DEBUG_INFORMATION_FORMAT = dwarf;
				ENABLE_STRICT_OBJC_MSGSEND = YES;
				ENABLE_TESTABILITY = YES;
				GCC_C_LANGUAGE_STANDARD = gnu99;
				GCC_DYNAMIC_NO_PIC = NO;
				GCC_NO_COMMON_BLOCKS = YES;
				GCC_OPTIMIZATION_LEVEL = 0;
				GCC_PREPROCESSOR_DEFINITIONS = (
					"DEBUG=1",
					"$(inherited)",
				);
				GCC_WARN_64_TO_32_BIT_CONVERSION = YES;
				GCC_WARN_ABOUT_RETURN_TYPE = YES_ERROR;
				GCC_WARN_UNDECLARED_SELECTOR = YES;
				GCC_WARN_UNINITIALIZED_AUTOS = YES_AGGRESSIVE;
				GCC_WARN_UNUSED_FUNCTION = YES;
				GCC_WARN_UNUSED_VARIABLE = YES;
				IPHONEOS_DEPLOYMENT_TARGET = 10.2;
				MTL_ENABLE_DEBUG_INFO = YES;
				ONLY_ACTIVE_ARCH = YES;
				SDKROOT = iphoneos;
			};
			name = Debug;
		};
		97012BFA1E2F07A500CB933F /* Release */ = {
			isa = XCBuildConfiguration;
			buildSettings = {
				ALWAYS_SEARCH_USER_PATHS = NO;
				CLANG_ANALYZER_NONNULL = YES;
				CLANG_CXX_LANGUAGE_STANDARD = "gnu++0x";
				CLANG_CXX_LIBRARY = "libc++";
				CLANG_ENABLE_MODULES = YES;
				CLANG_ENABLE_OBJC_ARC = YES;
				CLANG_WARN_BOOL_CONVERSION = YES;
				CLANG_WARN_CONSTANT_CONVERSION = YES;
				CLANG_WARN_DIRECT_OBJC_ISA_USAGE = YES_ERROR;
				CLANG_WARN_DOCUMENTATION_COMMENTS = YES;
				CLANG_WARN_EMPTY_BODY = YES;
				CLANG_WARN_ENUM_CONVERSION = YES;
				CLANG_WARN_INFINITE_RECURSION = YES;
				CLANG_WARN_INT_CONVERSION = YES;
				CLANG_WARN_OBJC_ROOT_CLASS = YES_ERROR;
				CLANG_WARN_SUSPICIOUS_MOVE = YES;
				CLANG_WARN_UNREACHABLE_CODE = YES;
				CLANG_WARN__DUPLICATE_METHOD_MATCH = YES;
				"CODE_SIGN_IDENTITY[sdk=iphoneos*]" = "iPhone Developer";
				COPY_PHASE_STRIP = NO;
				DEBUG_INFORMATION_FORMAT = "dwarf-with-dsym";
				ENABLE_NS_ASSERTIONS = NO;
				ENABLE_STRICT_OBJC_MSGSEND = YES;
				GCC_C_LANGUAGE_STANDARD = gnu99;
				GCC_NO_COMMON_BLOCKS = YES;
				GCC_WARN_64_TO_32_BIT_CONVERSION = YES;
				GCC_WARN_ABOUT_RETURN_TYPE = YES_ERROR;
				GCC_WARN_UNDECLARED_SELECTOR = YES;
				GCC_WARN_UNINITIALIZED_AUTOS = YES_AGGRESSIVE;
				GCC_WARN_UNUSED_FUNCTION = YES;
				GCC_WARN_UNUSED_VARIABLE = YES;
				IPHONEOS_DEPLOYMENT_TARGET = 10.2;
				MTL_ENABLE_DEBUG_INFO = NO;
				SDKROOT = iphoneos;
				VALIDATE_PRODUCT = YES;
			};
			name = Release;
		};
		97012BFC1E2F07A500CB933F /* Debug */ = {
			isa = XCBuildConfiguration;
			buildSettings = {
				ASSETCATALOG_COMPILER_APPICON_NAME = AppIcon;
				INFOPLIST_FILE = "自定义下拉菜单/Info.plist";
				LD_RUNPATH_SEARCH_PATHS = "$(inherited) @executable_path/Frameworks";
				PRODUCT_BUNDLE_IDENTIFIER = "com.lalala.PRN.-------";
				PRODUCT_NAME = "$(TARGET_NAME)";
			};
			name = Debug;
		};
		97012BFD1E2F07A500CB933F /* Release */ = {
			isa = XCBuildConfiguration;
			buildSettings = {
				ASSETCATALOG_COMPILER_APPICON_NAME = AppIcon;
				INFOPLIST_FILE = "自定义下拉菜单/Info.plist";
				LD_RUNPATH_SEARCH_PATHS = "$(inherited) @executable_path/Frameworks";
				PRODUCT_BUNDLE_IDENTIFIER = "com.lalala.PRN.-------";
				PRODUCT_NAME = "$(TARGET_NAME)";
			};
			name = Release;
		};
/* End XCBuildConfiguration section */

/* Begin XCConfigurationList section */
		97012BDF1E2F07A500CB933F /* Build configuration list for PBXProject "自定义下拉菜单" */ = {
			isa = XCConfigurationList;
			buildConfigurations = (
				97012BF91E2F07A500CB933F /* Debug */,
				97012BFA1E2F07A500CB933F /* Release */,
			);
			defaultConfigurationIsVisible = 0;
			defaultConfigurationName = Release;
		};
		97012BFB1E2F07A500CB933F /* Build configuration list for PBXNativeTarget "自定义下拉菜单" */ = {
			isa = XCConfigurationList;
			buildConfigurations = (
				97012BFC1E2F07A500CB933F /* Debug */,
				97012BFD1E2F07A500CB933F /* Release */,
			);
			defaultConfigurationIsVisible = 0;
			defaultConfigurationName = Release;
		};
/* End XCConfigurationList section */
	};
	rootObject = 97012BDC1E2F07A500CB933F /* Project object */;
}
